
Microsoft Visual Studio Solution File, Format Version 12.00
# Visual Studio Version 16
VisualStudioVersion = 16.0.29020.237
MinimumVisualStudioVersion = 10.0.40219.1
Project("{2150E333-8FDC-42A3-9474-1A3956D46DE8}") = "src", "src", "{BC25C696-583D-42F2-929B-6E996EC0769C}"
EndProject
Project("{2150E333-8FDC-42A3-9474-1A3956D46DE8}") = "source", "source", "{753EC5DE-E96E-41BE-98D2-059F74906037}"
EndProject
Project("{2150E333-8FDC-42A3-9474-1A3956D46DE8}") = "test", "test", "{4F7341F4-EF0A-4FE4-8BE8-81D7B5E2FDCC}"
EndProject
Project("{9A19103F-16F7-4668-BE54-9A1E7A4F7556}") = "Easy.Tall.UserCenter.Framework", "src\framework\Easy.Tall.UserCenter.Framework\Easy.Tall.UserCenter.Framework.csproj", "{C0738C0D-BDC8-42AF-AC11-87E17C087898}"
EndProject
Project("{9A19103F-16F7-4668-BE54-9A1E7A4F7556}") = "Easy.Tall.UserCenter.Test", "test\Easy.Tall.UserCenter.Test\Easy.Tall.UserCenter.Test.csproj", "{700955B3-1C55-4A78-B625-CBD1A95300CD}"
EndProject
Project("{2150E333-8FDC-42A3-9474-1A3956D46DE8}") = "framework", "framework", "{07AB650F-7E7B-44F2-ACB9-60904B94DFAC}"
EndProject
Project("{2150E333-8FDC-42A3-9474-1A3956D46DE8}") = "web", "web", "{BBC58754-3D3D-47F2-AFE5-BA51101AC4BA}"
EndProject
Project("{9A19103F-16F7-4668-BE54-9A1E7A4F7556}") = "Easy.Tall.UserCenter.WebApi", "src\web\Easy.Tall.UserCenter.WebApi\Easy.Tall.UserCenter.WebApi.csproj", "{BC2E1E90-45F7-4AB5-A6C6-CD36A98CE66F}"
EndProject
Project("{9A19103F-16F7-4668-BE54-9A1E7A4F7556}") = "Easy.Tall.UserCenter.DocApi", "src\web\Easy.Tall.UserCenter.DocApi\Easy.Tall.UserCenter.DocApi.csproj", "{1A7CEE05-26F5-480E-9D35-E028D784994A}"
EndProject
Project("{9A19103F-16F7-4668-BE54-9A1E7A4F7556}") = "Easy.Tall.UserCenter.Framework.Db", "src\framework\Easy.Tall.UserCenter.Framework.Db\Easy.Tall.UserCenter.Framework.Db.csproj", "{03FF38FF-BE3D-4CC2-B4D0-170EBE8DB739}"
EndProject
Project("{2150E333-8FDC-42A3-9474-1A3956D46DE8}") = "services", "services", "{403639A2-B8A6-4476-A077-0B30DC8728E0}"
EndProject
Project("{2150E333-8FDC-42A3-9474-1A3956D46DE8}") = "repository", "repository", "{38191645-9F66-48C9-992E-EF724F096A84}"
EndProject
Project("{9A19103F-16F7-4668-BE54-9A1E7A4F7556}") = "Easy.Tall.UserCenter.IServices", "src\services\Easy.Tall.UserCenter.IServices\Easy.Tall.UserCenter.IServices.csproj", "{8AB29149-AF55-46B7-9F19-237FB8725C8B}"
EndProject
Project("{9A19103F-16F7-4668-BE54-9A1E7A4F7556}") = "Easy.Tall.UserCenter.Services", "src\services\Easy.Tall.UserCenter.Services\Easy.Tall.UserCenter.Services.csproj", "{A61ADA74-7379-4C3C-B2DF-A229F76A1F90}"
EndProject
Project("{9A19103F-16F7-4668-BE54-9A1E7A4F7556}") = "Easy.Tall.UserCenter.IRepository", "src\repository\Easy.Tall.UserCenter.IRepository\Easy.Tall.UserCenter.IRepository.csproj", "{42746F31-4426-40FE-A74A-8594CFE93383}"
EndProject
Project("{9A19103F-16F7-4668-BE54-9A1E7A4F7556}") = "Easy.Tall.UserCenter.Repository", "src\repository\Easy.Tall.UserCenter.Repository\Easy.Tall.UserCenter.Repository.csproj", "{6A6DF445-81CB-4598-8A5A-E16F92F55774}"
EndProject
Project("{9A19103F-16F7-4668-BE54-9A1E7A4F7556}") = "Easy.Tall.UserCenter.Framework.Json", "src\framework\Easy.Tall.UserCenter.Framework.Json\Easy.Tall.UserCenter.Framework.Json.csproj", "{45841901-83CF-4A5A-A7B7-7CC788909122}"
EndProject
Project("{2150E333-8FDC-42A3-9474-1A3956D46DE8}") = "rpc", "rpc", "{FBC7CBB7-F376-4FA7-A4B9-6D775B177237}"
EndProject
Project("{2150E333-8FDC-42A3-9474-1A3956D46DE8}") = "model", "model", "{59585007-C507-438A-8E2C-1071913D41DB}"
EndProject
Project("{9A19103F-16F7-4668-BE54-9A1E7A4F7556}") = "Easy.Tall.UserCenter.Entity", "src\model\Easy.Tall.UserCenter.Entity\Easy.Tall.UserCenter.Entity.csproj", "{F1E1E9FC-FEB5-42F0-881C-B0F2A7C02E62}"
EndProject
Project("{9A19103F-16F7-4668-BE54-9A1E7A4F7556}") = "Rabbit.Rpc", "source\rpc\Rabbit.Rpc\Rabbit.Rpc.csproj", "{E94EC3FF-3BDD-4ED5-8002-5A2CE7BF134F}"
EndProject
Project("{9A19103F-16F7-4668-BE54-9A1E7A4F7556}") = "Rabbit.Transport.DotNetty", "source\rpc\Rabbit.Transport.DotNetty\Rabbit.Transport.DotNetty.csproj", "{98E77B48-FE81-496A-B392-F19CDA65906A}"
EndProject
Project("{9A19103F-16F7-4668-BE54-9A1E7A4F7556}") = "Rabbit.Rpc.ProxyGenerator", "source\rpc\Rabbit.Rpc.ProxyGenerator\Rabbit.Rpc.ProxyGenerator.csproj", "{7FE613C0-9E83-4A8F-A773-D4B2FB3A1C72}"
EndProject
Project("{9A19103F-16F7-4668-BE54-9A1E7A4F7556}") = "Rabbit.Rpc.Codec.ProtoBuffer", "source\rpc\Rabbit.Rpc.Codec.ProtoBuffer\Rabbit.Rpc.Codec.ProtoBuffer.csproj", "{6B5C9D24-091D-411F-943B-6B4D46F6C2E3}"
EndProject
Project("{9A19103F-16F7-4668-BE54-9A1E7A4F7556}") = "Framework.Rpc", "source\rpc\Framework.Rpc\Framework.Rpc.csproj", "{6F884641-1F81-47D5-ADA1-796D4BABC0F9}"
EndProject
Project("{2150E333-8FDC-42A3-9474-1A3956D46DE8}") = "rpc", "rpc", "{95AB2FE1-A794-4C13-A89A-9413E58A8279}"
EndProject
Project("{9A19103F-16F7-4668-BE54-9A1E7A4F7556}") = "Server", "test\rpc\Server\Server.csproj", "{81C21BF0-C435-4A2D-93E4-406A2CF5DA9A}"
EndProject
Project("{9A19103F-16F7-4668-BE54-9A1E7A4F7556}") = "Client", "test\rpc\Client\Client.csproj", "{84C12472-D23B-4F21-ACE5-CBEC0C767FE5}"
EndProject
Project("{9A19103F-16F7-4668-BE54-9A1E7A4F7556}") = "RpcLib", "test\rpc\RpcLib\RpcLib.csproj", "{0FAA80E1-70BD-44F4-BB84-8EB2347F8654}"
EndProject
Project("{9A19103F-16F7-4668-BE54-9A1E7A4F7556}") = "RpcLibService", "test\rpc\RpcLibService\RpcLibService.csproj", "{B6EDC020-8DB7-44EC-A3AD-A363495E4B85}"
EndProject
Project("{9A19103F-16F7-4668-BE54-9A1E7A4F7556}") = "Easy.Tall.UserCenter.WebUi", "src\web\Easy.Tall.UserCenter.WebUi\Easy.Tall.UserCenter.WebUi.csproj", "{9D32D1B0-2764-4F8A-844C-571BC649CD4A}"
EndProject
Project("{FAE04EC0-301F-11D3-BF4B-00C04F79EFBC}") = "Easy.Tall.UserCenter.Framework.Configuration.Consul", "src\framework\Easy.Tall.UserCenter.Framework.Configuration.Consul\Easy.Tall.UserCenter.Framework.Configuration.Consul.csproj", "{79DCDDBF-04A8-4354-A6C0-5C382657D9DA}"
EndProject
Project("{9A19103F-16F7-4668-BE54-9A1E7A4F7556}") = "Easy.Tall.UserCenter.Framework.NetCore", "src\framework\Easy.Tall.UserCenter.Framework.NetCore\Easy.Tall.UserCenter.Framework.NetCore.csproj", "{221C5BA9-A961-49AA-8F70-EF568F5FEDC2}"
EndProject
Global
	GlobalSection(SolutionConfigurationPlatforms) = preSolution
		Debug|Any CPU = Debug|Any CPU
		Release|Any CPU = Release|Any CPU
	EndGlobalSection
	GlobalSection(ProjectConfigurationPlatforms) = postSolution
		{C0738C0D-BDC8-42AF-AC11-87E17C087898}.Debug|Any CPU.ActiveCfg = Debug|Any CPU
		{C0738C0D-BDC8-42AF-AC11-87E17C087898}.Debug|Any CPU.Build.0 = Debug|Any CPU
		{C0738C0D-BDC8-42AF-AC11-87E17C087898}.Release|Any CPU.ActiveCfg = Release|Any CPU
		{C0738C0D-BDC8-42AF-AC11-87E17C087898}.Release|Any CPU.Build.0 = Release|Any CPU
		{700955B3-1C55-4A78-B625-CBD1A95300CD}.Debug|Any CPU.ActiveCfg = Debug|Any CPU
		{700955B3-1C55-4A78-B625-CBD1A95300CD}.Debug|Any CPU.Build.0 = Debug|Any CPU
		{700955B3-1C55-4A78-B625-CBD1A95300CD}.Release|Any CPU.ActiveCfg = Release|Any CPU
		{700955B3-1C55-4A78-B625-CBD1A95300CD}.Release|Any CPU.Build.0 = Release|Any CPU
		{BC2E1E90-45F7-4AB5-A6C6-CD36A98CE66F}.Debug|Any CPU.ActiveCfg = Debug|Any CPU
		{BC2E1E90-45F7-4AB5-A6C6-CD36A98CE66F}.Debug|Any CPU.Build.0 = Debug|Any CPU
		{BC2E1E90-45F7-4AB5-A6C6-CD36A98CE66F}.Release|Any CPU.ActiveCfg = Release|Any CPU
		{BC2E1E90-45F7-4AB5-A6C6-CD36A98CE66F}.Release|Any CPU.Build.0 = Release|Any CPU
		{1A7CEE05-26F5-480E-9D35-E028D784994A}.Debug|Any CPU.ActiveCfg = Debug|Any CPU
		{1A7CEE05-26F5-480E-9D35-E028D784994A}.Debug|Any CPU.Build.0 = Debug|Any CPU
		{1A7CEE05-26F5-480E-9D35-E028D784994A}.Release|Any CPU.ActiveCfg = Release|Any CPU
		{1A7CEE05-26F5-480E-9D35-E028D784994A}.Release|Any CPU.Build.0 = Release|Any CPU
		{03FF38FF-BE3D-4CC2-B4D0-170EBE8DB739}.Debug|Any CPU.ActiveCfg = Debug|Any CPU
		{03FF38FF-BE3D-4CC2-B4D0-170EBE8DB739}.Debug|Any CPU.Build.0 = Debug|Any CPU
		{03FF38FF-BE3D-4CC2-B4D0-170EBE8DB739}.Release|Any CPU.ActiveCfg = Release|Any CPU
		{03FF38FF-BE3D-4CC2-B4D0-170EBE8DB739}.Release|Any CPU.Build.0 = Release|Any CPU
		{8AB29149-AF55-46B7-9F19-237FB8725C8B}.Debug|Any CPU.ActiveCfg = Debug|Any CPU
		{8AB29149-AF55-46B7-9F19-237FB8725C8B}.Debug|Any CPU.Build.0 = Debug|Any CPU
		{8AB29149-AF55-46B7-9F19-237FB8725C8B}.Release|Any CPU.ActiveCfg = Release|Any CPU
		{8AB29149-AF55-46B7-9F19-237FB8725C8B}.Release|Any CPU.Build.0 = Release|Any CPU
		{A61ADA74-7379-4C3C-B2DF-A229F76A1F90}.Debug|Any CPU.ActiveCfg = Debug|Any CPU
		{A61ADA74-7379-4C3C-B2DF-A229F76A1F90}.Debug|Any CPU.Build.0 = Debug|Any CPU
		{A61ADA74-7379-4C3C-B2DF-A229F76A1F90}.Release|Any CPU.ActiveCfg = Release|Any CPU
		{A61ADA74-7379-4C3C-B2DF-A229F76A1F90}.Release|Any CPU.Build.0 = Release|Any CPU
		{42746F31-4426-40FE-A74A-8594CFE93383}.Debug|Any CPU.ActiveCfg = Debug|Any CPU
		{42746F31-4426-40FE-A74A-8594CFE93383}.Debug|Any CPU.Build.0 = Debug|Any CPU
		{42746F31-4426-40FE-A74A-8594CFE93383}.Release|Any CPU.ActiveCfg = Release|Any CPU
		{42746F31-4426-40FE-A74A-8594CFE93383}.Release|Any CPU.Build.0 = Release|Any CPU
		{6A6DF445-81CB-4598-8A5A-E16F92F55774}.Debug|Any CPU.ActiveCfg = Debug|Any CPU
		{6A6DF445-81CB-4598-8A5A-E16F92F55774}.Debug|Any CPU.Build.0 = Debug|Any CPU
		{6A6DF445-81CB-4598-8A5A-E16F92F55774}.Release|Any CPU.ActiveCfg = Release|Any CPU
		{6A6DF445-81CB-4598-8A5A-E16F92F55774}.Release|Any CPU.Build.0 = Release|Any CPU
		{45841901-83CF-4A5A-A7B7-7CC788909122}.Debug|Any CPU.ActiveCfg = Debug|Any CPU
		{45841901-83CF-4A5A-A7B7-7CC788909122}.Debug|Any CPU.Build.0 = Debug|Any CPU
		{45841901-83CF-4A5A-A7B7-7CC788909122}.Release|Any CPU.ActiveCfg = Release|Any CPU
		{45841901-83CF-4A5A-A7B7-7CC788909122}.Release|Any CPU.Build.0 = Release|Any CPU
		{F1E1E9FC-FEB5-42F0-881C-B0F2A7C02E62}.Debug|Any CPU.ActiveCfg = Debug|Any CPU
		{F1E1E9FC-FEB5-42F0-881C-B0F2A7C02E62}.Debug|Any CPU.Build.0 = Debug|Any CPU
		{F1E1E9FC-FEB5-42F0-881C-B0F2A7C02E62}.Release|Any CPU.ActiveCfg = Release|Any CPU
		{F1E1E9FC-FEB5-42F0-881C-B0F2A7C02E62}.Release|Any CPU.Build.0 = Release|Any CPU
		{E94EC3FF-3BDD-4ED5-8002-5A2CE7BF134F}.Debug|Any CPU.ActiveCfg = Debug|Any CPU
		{E94EC3FF-3BDD-4ED5-8002-5A2CE7BF134F}.Debug|Any CPU.Build.0 = Debug|Any CPU
		{E94EC3FF-3BDD-4ED5-8002-5A2CE7BF134F}.Release|Any CPU.ActiveCfg = Release|Any CPU
		{E94EC3FF-3BDD-4ED5-8002-5A2CE7BF134F}.Release|Any CPU.Build.0 = Release|Any CPU
		{98E77B48-FE81-496A-B392-F19CDA65906A}.Debug|Any CPU.ActiveCfg = Debug|Any CPU
		{98E77B48-FE81-496A-B392-F19CDA65906A}.Debug|Any CPU.Build.0 = Debug|Any CPU
		{98E77B48-FE81-496A-B392-F19CDA65906A}.Release|Any CPU.ActiveCfg = Release|Any CPU
		{98E77B48-FE81-496A-B392-F19CDA65906A}.Release|Any CPU.Build.0 = Release|Any CPU
		{7FE613C0-9E83-4A8F-A773-D4B2FB3A1C72}.Debug|Any CPU.ActiveCfg = Debug|Any CPU
		{7FE613C0-9E83-4A8F-A773-D4B2FB3A1C72}.Debug|Any CPU.Build.0 = Debug|Any CPU
		{7FE613C0-9E83-4A8F-A773-D4B2FB3A1C72}.Release|Any CPU.ActiveCfg = Release|Any CPU
		{7FE613C0-9E83-4A8F-A773-D4B2FB3A1C72}.Release|Any CPU.Build.0 = Release|Any CPU
		{6B5C9D24-091D-411F-943B-6B4D46F6C2E3}.Debug|Any CPU.ActiveCfg = Debug|Any CPU
		{6B5C9D24-091D-411F-943B-6B4D46F6C2E3}.Debug|Any CPU.Build.0 = Debug|Any CPU
		{6B5C9D24-091D-411F-943B-6B4D46F6C2E3}.Release|Any CPU.ActiveCfg = Release|Any CPU
		{6B5C9D24-091D-411F-943B-6B4D46F6C2E3}.Release|Any CPU.Build.0 = Release|Any CPU
		{6F884641-1F81-47D5-ADA1-796D4BABC0F9}.Debug|Any CPU.ActiveCfg = Debug|Any CPU
		{6F884641-1F81-47D5-ADA1-796D4BABC0F9}.Debug|Any CPU.Build.0 = Debug|Any CPU
		{6F884641-1F81-47D5-ADA1-796D4BABC0F9}.Release|Any CPU.ActiveCfg = Release|Any CPU
		{6F884641-1F81-47D5-ADA1-796D4BABC0F9}.Release|Any CPU.Build.0 = Release|Any CPU
		{81C21BF0-C435-4A2D-93E4-406A2CF5DA9A}.Debug|Any CPU.ActiveCfg = Debug|Any CPU
		{81C21BF0-C435-4A2D-93E4-406A2CF5DA9A}.Debug|Any CPU.Build.0 = Debug|Any CPU
		{81C21BF0-C435-4A2D-93E4-406A2CF5DA9A}.Release|Any CPU.ActiveCfg = Release|Any CPU
		{81C21BF0-C435-4A2D-93E4-406A2CF5DA9A}.Release|Any CPU.Build.0 = Release|Any CPU
		{84C12472-D23B-4F21-ACE5-CBEC0C767FE5}.Debug|Any CPU.ActiveCfg = Debug|Any CPU
		{84C12472-D23B-4F21-ACE5-CBEC0C767FE5}.Debug|Any CPU.Build.0 = Debug|Any CPU
		{84C12472-D23B-4F21-ACE5-CBEC0C767FE5}.Release|Any CPU.ActiveCfg = Release|Any CPU
		{84C12472-D23B-4F21-ACE5-CBEC0C767FE5}.Release|Any CPU.Build.0 = Release|Any CPU
		{0FAA80E1-70BD-44F4-BB84-8EB2347F8654}.Debug|Any CPU.ActiveCfg = Debug|Any CPU
		{0FAA80E1-70BD-44F4-BB84-8EB2347F8654}.Debug|Any CPU.Build.0 = Debug|Any CPU
		{0FAA80E1-70BD-44F4-BB84-8EB2347F8654}.Release|Any CPU.ActiveCfg = Release|Any CPU
		{0FAA80E1-70BD-44F4-BB84-8EB2347F8654}.Release|Any CPU.Build.0 = Release|Any CPU
		{B6EDC020-8DB7-44EC-A3AD-A363495E4B85}.Debug|Any CPU.ActiveCfg = Debug|Any CPU
		{B6EDC020-8DB7-44EC-A3AD-A363495E4B85}.Debug|Any CPU.Build.0 = Debug|Any CPU
		{B6EDC020-8DB7-44EC-A3AD-A363495E4B85}.Release|Any CPU.ActiveCfg = Release|Any CPU
		{B6EDC020-8DB7-44EC-A3AD-A363495E4B85}.Release|Any CPU.Build.0 = Release|Any CPU
		{9D32D1B0-2764-4F8A-844C-571BC649CD4A}.Debug|Any CPU.ActiveCfg = Debug|Any CPU
		{9D32D1B0-2764-4F8A-844C-571BC649CD4A}.Debug|Any CPU.Build.0 = Debug|Any CPU
		{9D32D1B0-2764-4F8A-844C-571BC649CD4A}.Release|Any CPU.ActiveCfg = Release|Any CPU
		{9D32D1B0-2764-4F8A-844C-571BC649CD4A}.Release|Any CPU.Build.0 = Release|Any CPU
		{79DCDDBF-04A8-4354-A6C0-5C382657D9DA}.Debug|Any CPU.ActiveCfg = Debug|Any CPU
		{79DCDDBF-04A8-4354-A6C0-5C382657D9DA}.Debug|Any CPU.Build.0 = Debug|Any CPU
		{79DCDDBF-04A8-4354-A6C0-5C382657D9DA}.Release|Any CPU.ActiveCfg = Release|Any CPU
		{79DCDDBF-04A8-4354-A6C0-5C382657D9DA}.Release|Any CPU.Build.0 = Release|Any CPU
		{221C5BA9-A961-49AA-8F70-EF568F5FEDC2}.Debug|Any CPU.ActiveCfg = Debug|Any CPU
		{221C5BA9-A961-49AA-8F70-EF568F5FEDC2}.Debug|Any CPU.Build.0 = Debug|Any CPU
		{221C5BA9-A961-49AA-8F70-EF568F5FEDC2}.Release|Any CPU.ActiveCfg = Release|Any CPU
		{221C5BA9-A961-49AA-8F70-EF568F5FEDC2}.Release|Any CPU.Build.0 = Release|Any CPU
	EndGlobalSection
	GlobalSection(SolutionProperties) = preSolution
		HideSolutionNode = FALSE
	EndGlobalSection
	GlobalSection(NestedProjects) = preSolution
		{C0738C0D-BDC8-42AF-AC11-87E17C087898} = {07AB650F-7E7B-44F2-ACB9-60904B94DFAC}
		{700955B3-1C55-4A78-B625-CBD1A95300CD} = {4F7341F4-EF0A-4FE4-8BE8-81D7B5E2FDCC}
		{07AB650F-7E7B-44F2-ACB9-60904B94DFAC} = {BC25C696-583D-42F2-929B-6E996EC0769C}
		{BBC58754-3D3D-47F2-AFE5-BA51101AC4BA} = {BC25C696-583D-42F2-929B-6E996EC0769C}
		{BC2E1E90-45F7-4AB5-A6C6-CD36A98CE66F} = {BBC58754-3D3D-47F2-AFE5-BA51101AC4BA}
		{1A7CEE05-26F5-480E-9D35-E028D784994A} = {BBC58754-3D3D-47F2-AFE5-BA51101AC4BA}
		{03FF38FF-BE3D-4CC2-B4D0-170EBE8DB739} = {07AB650F-7E7B-44F2-ACB9-60904B94DFAC}
		{403639A2-B8A6-4476-A077-0B30DC8728E0} = {BC25C696-583D-42F2-929B-6E996EC0769C}
		{38191645-9F66-48C9-992E-EF724F096A84} = {BC25C696-583D-42F2-929B-6E996EC0769C}
		{8AB29149-AF55-46B7-9F19-237FB8725C8B} = {403639A2-B8A6-4476-A077-0B30DC8728E0}
		{A61ADA74-7379-4C3C-B2DF-A229F76A1F90} = {403639A2-B8A6-4476-A077-0B30DC8728E0}
		{42746F31-4426-40FE-A74A-8594CFE93383} = {38191645-9F66-48C9-992E-EF724F096A84}
		{6A6DF445-81CB-4598-8A5A-E16F92F55774} = {38191645-9F66-48C9-992E-EF724F096A84}
		{45841901-83CF-4A5A-A7B7-7CC788909122} = {07AB650F-7E7B-44F2-ACB9-60904B94DFAC}
		{FBC7CBB7-F376-4FA7-A4B9-6D775B177237} = {753EC5DE-E96E-41BE-98D2-059F74906037}
		{59585007-C507-438A-8E2C-1071913D41DB} = {BC25C696-583D-42F2-929B-6E996EC0769C}
		{F1E1E9FC-FEB5-42F0-881C-B0F2A7C02E62} = {59585007-C507-438A-8E2C-1071913D41DB}
		{E94EC3FF-3BDD-4ED5-8002-5A2CE7BF134F} = {FBC7CBB7-F376-4FA7-A4B9-6D775B177237}
		{98E77B48-FE81-496A-B392-F19CDA65906A} = {FBC7CBB7-F376-4FA7-A4B9-6D775B177237}
		{7FE613C0-9E83-4A8F-A773-D4B2FB3A1C72} = {FBC7CBB7-F376-4FA7-A4B9-6D775B177237}
		{6B5C9D24-091D-411F-943B-6B4D46F6C2E3} = {FBC7CBB7-F376-4FA7-A4B9-6D775B177237}
		{6F884641-1F81-47D5-ADA1-796D4BABC0F9} = {FBC7CBB7-F376-4FA7-A4B9-6D775B177237}
		{95AB2FE1-A794-4C13-A89A-9413E58A8279} = {4F7341F4-EF0A-4FE4-8BE8-81D7B5E2FDCC}
		{81C21BF0-C435-4A2D-93E4-406A2CF5DA9A} = {95AB2FE1-A794-4C13-A89A-9413E58A8279}
		{84C12472-D23B-4F21-ACE5-CBEC0C767FE5} = {95AB2FE1-A794-4C13-A89A-9413E58A8279}
		{0FAA80E1-70BD-44F4-BB84-8EB2347F8654} = {95AB2FE1-A794-4C13-A89A-9413E58A8279}
		{B6EDC020-8DB7-44EC-A3AD-A363495E4B85} = {95AB2FE1-A794-4C13-A89A-9413E58A8279}
		{9D32D1B0-2764-4F8A-844C-571BC649CD4A} = {BBC58754-3D3D-47F2-AFE5-BA51101AC4BA}
		{79DCDDBF-04A8-4354-A6C0-5C382657D9DA} = {07AB650F-7E7B-44F2-ACB9-60904B94DFAC}
		{221C5BA9-A961-49AA-8F70-EF568F5FEDC2} = {07AB650F-7E7B-44F2-ACB9-60904B94DFAC}
	EndGlobalSection
	GlobalSection(ExtensibilityGlobals) = postSolution
		SolutionGuid = {A769D5D3-2BCA-4335-8459-0798E4E8AE28}
	EndGlobalSection
EndGlobal
